// !$*UTF8*$!
{
	archiveVersion = 1;
	classes = {
	};
	objectVersion = 50;
	objects = {

/* Begin PBXBuildFile section */
		94C75EFA5E3B3CD5A084CD63 /* libPods-BTLoadingExample.a in Frameworks */ = {isa = PBXBuildFile; fileRef = E72305FA299F014BCC87C944 /* libPods-BTLoadingExample.a */; };
		9B63E7EA21F4BD42006B371C /* AppDelegate.m in Sources */ = {isa = PBXBuildFile; fileRef = 9B63E7E921F4BD42006B371C /* AppDelegate.m */; };
		9B63E7ED21F4BD42006B371C /* ViewController.m in Sources */ = {isa = PBXBuildFile; fileRef = 9B63E7EC21F4BD42006B371C /* ViewController.m */; };
		9B63E7F021F4BD42006B371C /* Main.storyboard in Resources */ = {isa = PBXBuildFile; fileRef = 9B63E7EE21F4BD42006B371C /* Main.storyboard */; };
		9B63E7F221F4BD44006B371C /* Assets.xcassets in Resources */ = {isa = PBXBuildFile; fileRef = 9B63E7F121F4BD44006B371C /* Assets.xcassets */; };
		9B63E7F521F4BD44006B371C /* LaunchScreen.storyboard in Resources */ = {isa = PBXBuildFile; fileRef = 9B63E7F321F4BD44006B371C /* LaunchScreen.storyboard */; };
		9B63E7F821F4BD44006B371C /* main.m in Sources */ = {isa = PBXBuildFile; fileRef = 9B63E7F721F4BD44006B371C /* main.m */; };
/* End PBXBuildFile section */

/* Begin PBXFileReference section */
		9B63E7E521F4BD42006B371C /* BTLoadingExample.app */ = {isa = PBXFileReference; explicitFileType = wrapper.application; includeInIndex = 0; path = BTLoadingExample.app; sourceTree = BUILT_PRODUCTS_DIR; };
		9B63E7E821F4BD42006B371C /* AppDelegate.h */ = {isa = PBXFileReference; lastKnownFileType = sourcecode.c.h; path = AppDelegate.h; sourceTree = "<group>"; };
		9B63E7E921F4BD42006B371C /* AppDelegate.m */ = {isa = PBXFileReference; lastKnownFileType = sourcecode.c.objc; path = AppDelegate.m; sourceTree = "<group>"; };
		9B63E7EB21F4BD42006B371C /* ViewController.h */ = {isa = PBXFileReference; lastKnownFileType = sourcecode.c.h; path = ViewController.h; sourceTree = "<group>"; };
		9B63E7EC21F4BD42006B371C /* ViewController.m */ = {isa = PBXFileReference; lastKnownFileType = sourcecode.c.objc; path = ViewController.m; sourceTree = "<group>"; };
		9B63E7EF21F4BD42006B371C /* Base */ = {isa = PBXFileReference; lastKnownFileType = file.storyboard; name = Base; path = Base.lproj/Main.storyboard; sourceTree = "<group>"; };
		9B63E7F121F4BD44006B371C /* Assets.xcassets */ = {isa = PBXFileReference; lastKnownFileType = folder.assetcatalog; path = Assets.xcassets; sourceTree = "<group>"; };
		9B63E7F421F4BD44006B371C /* Base */ = {isa = PBXFileReference; lastKnownFileType = file.storyboard; name = Base; path = Base.lproj/LaunchScreen.storyboard; sourceTree = "<group>"; };
		9B63E7F621F4BD44006B371C /* Info.plist */ = {isa = PBXFileReference; lastKnownFileType = text.plist.xml; path = Info.plist; sourceTree = "<group>"; };
		9B63E7F721F4BD44006B371C /* main.m */ = {isa = PBXFileReference; lastKnownFileType = sourcecode.c.objc; path = main.m; sourceTree = "<group>"; };
		A5465D43462FA23285F0A188 /* Pods-BTLoadingExample.debug.xcconfig */ = {isa = PBXFileReference; includeInIndex = 1; lastKnownFileType = text.xcconfig; name = "Pods-BTLoadingExample.debug.xcconfig"; path = "Pods/Target Support Files/Pods-BTLoadingExample/Pods-BTLoadingExample.debug.xcconfig"; sourceTree = "<group>"; };
		E72305FA299F014BCC87C944 /* libPods-BTLoadingExample.a */ = {isa = PBXFileReference; explicitFileType = archive.ar; includeInIndex = 0; path = "libPods-BTLoadingExample.a"; sourceTree = BUILT_PRODUCTS_DIR; };
		E9988069D3861229846F1D8A /* Pods-BTLoadingExample.release.xcconfig */ = {isa = PBXFileReference; includeInIndex = 1; lastKnownFileType = text.xcconfig; name = "Pods-BTLoadingExample.release.xcconfig"; path = "Pods/Target Support Files/Pods-BTLoadingExample/Pods-BTLoadingExample.release.xcconfig"; sourceTree = "<group>"; };
/* End PBXFileReference section */

/* Begin PBXFrameworksBuildPhase section */
		9B63E7E221F4BD42006B371C /* Frameworks */ = {
			isa = PBXFrameworksBuildPhase;
			buildActionMask = 2147483647;
			files = (
				94C75EFA5E3B3CD5A084CD63 /* libPods-BTLoadingExample.a in Frameworks */,
			);
			runOnlyForDeploymentPostprocessing = 0;
		};
/* End PBXFrameworksBuildPhase section */

/* Begin PBXGroup section */
		00DD44F7F720CB474E3FECA2 /* Pods */ = {
			isa = PBXGroup;
			children = (
				A5465D43462FA23285F0A188 /* Pods-BTLoadingExample.debug.xcconfig */,
				E9988069D3861229846F1D8A /* Pods-BTLoadingExample.release.xcconfig */,
			);
			name = Pods;
			sourceTree = "<group>";
		};
		3B276E1C56734959C42D457E /* Frameworks */ = {
			isa = PBXGroup;
			children = (
				E72305FA299F014BCC87C944 /* libPods-BTLoadingExample.a */,
			);
			name = Frameworks;
			sourceTree = "<group>";
		};
		9B63E7DC21F4BD42006B371C = {
			isa = PBXGroup;
			children = (
				9B63E7E721F4BD42006B371C /* BTLoadingExample */,
				9B63E7E621F4BD42006B371C /* Products */,
				00DD44F7F720CB474E3FECA2 /* Pods */,
				3B276E1C56734959C42D457E /* Frameworks */,
			);
			sourceTree = "<group>";
		};
		9B63E7E621F4BD42006B371C /* Products */ = {
			isa = PBXGroup;
			children = (
				9B63E7E521F4BD42006B371C /* BTLoadingExample.app */,
			);
			name = Products;
			sourceTree = "<group>";
		};
		9B63E7E721F4BD42006B371C /* BTLoadingExample */ = {
			isa = PBXGroup;
			children = (
				9B63E7E821F4BD42006B371C /* AppDelegate.h */,
				9B63E7E921F4BD42006B371C /* AppDelegate.m */,
				9B63E7EB21F4BD42006B371C /* ViewController.h */,
				9B63E7EC21F4BD42006B371C /* ViewController.m */,
				9B63E7EE21F4BD42006B371C /* Main.storyboard */,
				9B63E7F121F4BD44006B371C /* Assets.xcassets */,
				9B63E7F321F4BD44006B371C /* LaunchScreen.storyboard */,
				9B63E7F621F4BD44006B371C /* Info.plist */,
				9B63E7F721F4BD44006B371C /* main.m */,
			);
			path = BTLoadingExample;
			sourceTree = "<group>";
		};
/* End PBXGroup section */

/* Begin PBXNativeTarget section */
		9B63E7E421F4BD42006B371C /* BTLoadingExample */ = {
			isa = PBXNativeTarget;
			buildConfigurationList = 9B63E7FB21F4BD44006B371C /* Build configuration list for PBXNativeTarget "BTLoadingExample" */;
			buildPhases = (
				8A3F040F0DED7351840E22AA /* [CP] Check Pods Manifest.lock */,
				9B63E7E121F4BD42006B371C /* Sources */,
				9B63E7E221F4BD42006B371C /* Frameworks */,
				9B63E7E321F4BD42006B371C /* Resources */,
				B1B4DB2852528ECC593352CD /* [CP] Copy Pods Resources */,
			);
			buildRules = (
			);
			dependencies = (
			);
			name = BTLoadingExample;
			productName = BTLoadingExample;
			productReference = 9B63E7E521F4BD42006B371C /* BTLoadingExample.app */;
			productType = "com.apple.product-type.application";
		};
/* End PBXNativeTarget section */

/* Begin PBXProject section */
		9B63E7DD21F4BD42006B371C /* Project object */ = {
			isa = PBXProject;
			attributes = {
				LastUpgradeCheck = 1010;
				ORGANIZATIONNAME = stonemover;
				TargetAttributes = {
					9B63E7E421F4BD42006B371C = {
						CreatedOnToolsVersion = 10.1;
					};
				};
			};
			buildConfigurationList = 9B63E7E021F4BD42006B371C /* Build configuration list for PBXProject "BTLoadingExample" */;
			compatibilityVersion = "Xcode 9.3";
			developmentRegion = en;
			hasScannedForEncodings = 0;
			knownRegions = (
				en,
				Base,
			);
			mainGroup = 9B63E7DC21F4BD42006B371C;
			productRefGroup = 9B63E7E621F4BD42006B371C /* Products */;
			projectDirPath = "";
			projectRoot = "";
			targets = (
				9B63E7E421F4BD42006B371C /* BTLoadingExample */,
			);
		};
/* End PBXProject section */

/* Begin PBXResourcesBuildPhase section */
		9B63E7E321F4BD42006B371C /* Resources */ = {
			isa = PBXResourcesBuildPhase;
			buildActionMask = 2147483647;
			files = (
				9B63E7F521F4BD44006B371C /* LaunchScreen.storyboard in Resources */,
				9B63E7F221F4BD44006B371C /* Assets.xcassets in Resources */,
				9B63E7F021F4BD42006B371C /* Main.storyboard in Resources */,
			);
			runOnlyForDeploymentPostprocessing = 0;
		};
/* End PBXResourcesBuildPhase section */

/* Begin PBXShellScriptBuildPhase section */
		8A3F040F0DED7351840E22AA /* [CP] Check Pods Manifest.lock */ = {
			isa = PBXShellScriptBuildPhase;
			buildActionMask = 2147483647;
			files = (
			);
			inputPaths = (
				"${PODS_PODFILE_DIR_PATH}/Podfile.lock",
				"${PODS_ROOT}/Manifest.lock",
			);
			name = "[CP] Check Pods Manifest.lock";
			outputPaths = (
				"$(DERIVED_FILE_DIR)/Pods-BTLoadingExample-checkManifestLockResult.txt",
			);
			runOnlyForDeploymentPostprocessing = 0;
			shellPath = /bin/sh;
			shellScript = "diff \"${PODS_PODFILE_DIR_PATH}/Podfile.lock\" \"${PODS_ROOT}/Manifest.lock\" > /dev/null\nif [ $? != 0 ] ; then\n    # print error to STDERR\n    echo \"error: The sandbox is not in sync with the Podfile.lock. Run 'pod install' or update your CocoaPods installation.\" >&2\n    exit 1\nfi\n# This output is used by Xcode 'outputs' to avoid re-running this script phase.\necho \"SUCCESS\" > \"${SCRIPT_OUTPUT_FILE_0}\"\n";
			showEnvVarsInLog = 0;
		};
		B1B4DB2852528ECC593352CD /* [CP] Copy Pods Resources */ = {
			isa = PBXShellScriptBuildPhase;
			buildActionMask = 2147483647;
			files = (
			);
			inputFileListPaths = (
			);
			inputPaths = (
				"${SRCROOT}/Pods/Target Support Files/Pods-BTLoadingExample/Pods-BTLoadingExample-resources.sh",
				"${PODS_ROOT}/BTLoading/Assets/BTLoadingBundle.bundle",
			);
			name = "[CP] Copy Pods Resources";
			outputFileListPaths = (
			);
			outputPaths = (
				"${TARGET_BUILD_DIR}/${UNLOCALIZED_RESOURCES_FOLDER_PATH}/BTLoadingBundle.bundle",
			);
			runOnlyForDeploymentPostprocessing = 0;
			shellPath = /bin/sh;
			shellScript = "\"${SRCROOT}/Pods/Target Support Files/Pods-BTLoadingExample/Pods-BTLoadingExample-resources.sh\"\n";
			showEnvVarsInLog = 0;
		};
/* End PBXShellScriptBuildPhase section */

/* Begin PBXSourcesBuildPhase section */
		9B63E7E121F4BD42006B371C /* Sources */ = {
			isa = PBXSourcesBuildPhase;
			buildActionMask = 2147483647;
			files = (
				9B63E7ED21F4BD42006B371C /* ViewController.m in Sources */,
				9B63E7F821F4BD44006B371C /* main.m in Sources */,
				9B63E7EA21F4BD42006B371C /* AppDelegate.m in Sources */,
			);
			runOnlyForDeploymentPostprocessing = 0;
		};
/* End PBXSourcesBuildPhase section */

/* Begin PBXVariantGroup section */
		9B63E7EE21F4BD42006B371C /* Main.storyboard */ = {
			isa = PBXVariantGroup;
			children = (
				9B63E7EF21F4BD42006B371C /* Base */,
			);
			name = Main.storyboard;
			sourceTree = "<group>";
		};
		9B63E7F321F4BD44006B371C /* LaunchScreen.storyboard */ = {
			isa = PBXVariantGroup;
			children = (
				9B63E7F421F4BD44006B371C /* Base */,
			);
			name = LaunchScreen.storyboard;
			sourceTree = "<group>";
		};
/* End PBXVariantGroup section */

/* Begin XCBuildConfiguration section */
		9B63E7F921F4BD44006B371C /* Debug */ = {
			isa = XCBuildConfiguration;
			buildSettings = {
				ALWAYS_SEARCH_USER_PATHS = NO;
				CLANG_ANALYZER_NONNULL = YES;
				CLANG_ANALYZER_NUMBER_OBJECT_CONVERSION = YES_AGGRESSIVE;
				CLANG_CXX_LANGUAGE_STANDARD = "gnu++14";
				CLANG_CXX_LIBRARY = "libc++";
				CLANG_ENABLE_MODULES = YES;
				CLANG_ENABLE_OBJC_ARC = YES;
				CLANG_ENABLE_OBJC_WEAK = YES;
				CLANG_WARN_BLOCK_CAPTURE_AUTORELEASING = YES;
				CLANG_WARN_BOOL_CONVERSION = YES;
				CLANG_WARN_COMMA = YES;
				CLANG_WARN_CONSTANT_CONVERSION = YES;
				CLANG_WARN_DEPRECATED_OBJC_IMPLEMENTATIONS = YES;
				CLANG_WARN_DIRECT_OBJC_ISA_USAGE = YES_ERROR;
				CLANG_WARN_DOCUMENTATION_COMMENTS = YES;
				CLANG_WARN_EMPTY_BODY = YES;
				CLANG_WARN_ENUM_CONVERSION = YES;
				CLANG_WARN_INFINITE_RECURSION = YES;
				CLANG_WARN_INT_CONVERSION = YES;
				CLANG_WARN_NON_LITERAL_NULL_CONVERSION = YES;
				CLANG_WARN_OBJC_IMPLICIT_RETAIN_SELF = YES;
				CLANG_WARN_OBJC_LITERAL_CONVERSION = YES;
				CLANG_WARN_OBJC_ROOT_CLASS = YES_ERROR;
				CLANG_WARN_RANGE_LOOP_ANALYSIS = YES;
				CLANG_WARN_STRICT_PROTOTYPES = YES;
				CLANG_WARN_SUSPICIOUS_MOVE = YES;
				CLANG_WARN_UNGUARDED_AVAILABILITY = YES_AGGRESSIVE;
				CLANG_WARN_UNREACHABLE_CODE = YES;
				CLANG_WARN__DUPLICATE_METHOD_MATCH = YES;
				CODE_SIGN_IDENTITY = "iPhone Developer";
				COPY_PHASE_STRIP = NO;
				DEBUG_INFORMATION_FORMAT = dwarf;
				ENABLE_STRICT_OBJC_MSGSEND = YES;
				ENABLE_TESTABILITY = YES;
				GCC_C_LANGUAGE_STANDARD = gnu11;
				GCC_DYNAMIC_NO_PIC = NO;
				GCC_NO_COMMON_BLOCKS = YES;
				GCC_OPTIMIZATION_LEVEL = 0;
				GCC_PREPROCESSOR_DEFINITIONS = (
					"DEBUG=1",
					"$(inherited)",
				);
				GCC_WARN_64_TO_32_BIT_CONVERSION = YES;
				GCC_WARN_ABOUT_RETURN_TYPE = YES_ERROR;
				GCC_WARN_UNDECLARED_SELECTOR = YES;
				GCC_WARN_UNINITIALIZED_AUTOS = YES_AGGRESSIVE;
				GCC_WARN_UNUSED_FUNCTION = YES;
				GCC_WARN_UNUSED_VARIABLE = YES;
				IPHONEOS_DEPLOYMENT_TARGET = 12.1;
				MTL_ENABLE_DEBUG_INFO = INCLUDE_SOURCE;
				MTL_FAST_MATH = YES;
				ONLY_ACTIVE_ARCH = YES;
				SDKROOT = iphoneos;
			};
			name = Debug;
		};
		9B63E7FA21F4BD44006B371C /* Release */ = {
			isa = XCBuildConfiguration;
			buildSettings = {
				ALWAYS_SEARCH_USER_PATHS = NO;
				CLANG_ANALYZER_NONNULL = YES;
				CLANG_ANALYZER_NUMBER_OBJECT_CONVERSION = YES_AGGRESSIVE;
				CLANG_CXX_LANGUAGE_STANDARD = "gnu++14";
				CLANG_CXX_LIBRARY = "libc++";
				CLANG_ENABLE_MODULES = YES;
				CLANG_ENABLE_OBJC_ARC = YES;
				CLANG_ENABLE_OBJC_WEAK = YES;
				CLANG_WARN_BLOCK_CAPTURE_AUTORELEASING = YES;
				CLANG_WARN_BOOL_CONVERSION = YES;
				CLANG_WARN_COMMA = YES;
				CLANG_WARN_CONSTANT_CONVERSION = YES;
				CLANG_WARN_DEPRECATED_OBJC_IMPLEMENTATIONS = YES;
				CLANG_WARN_DIRECT_OBJC_ISA_USAGE = YES_ERROR;
				CLANG_WARN_DOCUMENTATION_COMMENTS = YES;
				CLANG_WARN_EMPTY_BODY = YES;
				CLANG_WARN_ENUM_CONVERSION = YES;
				CLANG_WARN_INFINITE_RECURSION = YES;
				CLANG_WARN_INT_CONVERSION = YES;
				CLANG_WARN_NON_LITERAL_NULL_CONVERSION = YES;
				CLANG_WARN_OBJC_IMPLICIT_RETAIN_SELF = YES;
				CLANG_WARN_OBJC_LITERAL_CONVERSION = YES;
				CLANG_WARN_OBJC_ROOT_CLASS = YES_ERROR;
				CLANG_WARN_RANGE_LOOP_ANALYSIS = YES;
				CLANG_WARN_STRICT_PROTOTYPES = YES;
				CLANG_WARN_SUSPICIOUS_MOVE = YES;
				CLANG_WARN_UNGUARDED_AVAILABILITY = YES_AGGRESSIVE;
				CLANG_WARN_UNREACHABLE_CODE = YES;
				CLANG_WARN__DUPLICATE_METHOD_MATCH = YES;
				CODE_SIGN_IDENTITY = "iPhone Developer";
				COPY_PHASE_STRIP = NO;
				DEBUG_INFORMATION_FORMAT = "dwarf-with-dsym";
				ENABLE_NS_ASSERTIONS = NO;
				ENABLE_STRICT_OBJC_MSGSEND = YES;
				GCC_C_LANGUAGE_STANDARD = gnu11;
				GCC_NO_COMMON_BLOCKS = YES;
				GCC_WARN_64_TO_32_BIT_CONVERSION = YES;
				GCC_WARN_ABOUT_RETURN_TYPE = YES_ERROR;
				GCC_WARN_UNDECLARED_SELECTOR = YES;
				GCC_WARN_UNINITIALIZED_AUTOS = YES_AGGRESSIVE;
				GCC_WARN_UNUSED_FUNCTION = YES;
				GCC_WARN_UNUSED_VARIABLE = YES;
				IPHONEOS_DEPLOYMENT_TARGET = 12.1;
				MTL_ENABLE_DEBUG_INFO = NO;
				MTL_FAST_MATH = YES;
				SDKROOT = iphoneos;
				VALIDATE_PRODUCT = YES;
			};
			name = Release;
		};
		9B63E7FC21F4BD44006B371C /* Debug */ = {
			isa = XCBuildConfiguration;
			baseConfigurationReference = A5465D43462FA23285F0A188 /* Pods-BTLoadingExample.debug.xcconfig */;
			buildSettings = {
				ASSETCATALOG_COMPILER_APPICON_NAME = AppIcon;
				CODE_SIGN_STYLE = Automatic;
				INFOPLIST_FILE = BTLoadingExample/Info.plist;
				LD_RUNPATH_SEARCH_PATHS = (
					"$(inherited)",
					"@executable_path/Frameworks",
				);
				PRODUCT_BUNDLE_IDENTIFIER = com.stone.BTLoadingExample;
				PRODUCT_NAME = "$(TARGET_NAME)";
				TARGETED_DEVICE_FAMILY = "1,2";
			};
			name = Debug;
		};
		9B63E7FD21F4BD44006B371C /* Release */ = {
			isa = XCBuildConfiguration;
			baseConfigurationReference = E9988069D3861229846F1D8A /* Pods-BTLoadingExample.release.xcconfig */;
			buildSettings = {
				ASSETCATALOG_COMPILER_APPICON_NAME = AppIcon;
				CODE_SIGN_STYLE = Automatic;
				INFOPLIST_FILE = BTLoadingExample/Info.plist;
				LD_RUNPATH_SEARCH_PATHS = (
					"$(inherited)",
					"@executable_path/Frameworks",
				);
				PRODUCT_BUNDLE_IDENTIFIER = com.stone.BTLoadingExample;
				PRODUCT_NAME = "$(TARGET_NAME)";
				TARGETED_DEVICE_FAMILY = "1,2";
			};
			name = Release;
		};
/* End XCBuildConfiguration section */

/* Begin XCConfigurationList section */
		9B63E7E021F4BD42006B371C /* Build configuration list for PBXProject "BTLoadingExample" */ = {
			isa = XCConfigurationList;
			buildConfigurations = (
				9B63E7F921F4BD44006B371C /* Debug */,
				9B63E7FA21F4BD44006B371C /* Release */,
			);
			defaultConfigurationIsVisible = 0;
			defaultConfigurationName = Release;
		};
		9B63E7FB21F4BD44006B371C /* Build configuration list for PBXNativeTarget "BTLoadingExample" */ = {
			isa = XCConfigurationList;
			buildConfigurations = (
				9B63E7FC21F4BD44006B371C /* Debug */,
				9B63E7FD21F4BD44006B371C /* Release */,
			);
			defaultConfigurationIsVisible = 0;
			defaultConfigurationName = Release;
		};
/* End XCConfigurationList section */
	};
	rootObject = 9B63E7DD21F4BD42006B371C /* Project object */;
}
